
Microsoft Visual Studio Solution File, Format Version 12.00
# Visual Studio Version 16
VisualStudioVersion = 25.0.1700.0
MinimumVisualStudioVersion = 10.0.40219.1
Project("{FAE04EC0-301F-11D3-BF4B-00C04F79EFBC}") = "async_await", "async_await\async_await.csproj", "{DE60D8A8-26FB-4052-ABBB-D78E8209F1EE}"
EndProject
Global
	GlobalSection(SolutionConfigurationPlatforms) = preSolution
		Debug|Any CPU = Debug|Any CPU
		Release|Any CPU = Release|Any CPU
	EndGlobalSection
	GlobalSection(ProjectConfigurationPlatforms) = postSolution
		{DE60D8A8-26FB-4052-ABBB-D78E8209F1EE}.Debug|Any CPU.ActiveCfg = Debug|Any CPU
		{DE60D8A8-26FB-4052-ABBB-D78E8209F1EE}.Debug|Any CPU.Build.0 = Debug|Any CPU
		{DE60D8A8-26FB-4052-ABBB-D78E8209F1EE}.Release|Any CPU.ActiveCfg = Release|Any CPU
		{DE60D8A8-26FB-4052-ABBB-D78E8209F1EE}.Release|Any CPU.Build.0 = Release|Any CPU
	EndGlobalSection
	GlobalSection(SolutionProperties) = preSolution
		HideSolutionNode = FALSE
	EndGlobalSection
	GlobalSection(ExtensibilityGlobals) = postSolution
		SolutionGuid = {9C649569-5C7E-4298-85E4-94A8594D78E2}
	EndGlobalSection
EndGlobal
